
Microsoft Visual Studio Solution File, Format Version 12.00
# Visual Studio Version 17
VisualStudioVersion = 17.5.002.0
MinimumVisualStudioVersion = 10.0.40219.1
Project("{9A19103F-16F7-4668-BE54-9A1E7A4F7556}") = "App.MessageBus", "App.MessageBus\App.MessageBus.csproj", "{45F82D33-3AFE-409A-A0BD-5B11AE8649E3}"
EndProject
Project("{FAE04EC0-301F-11D3-BF4B-00C04F79EFBC}") = "App.Messaging.Publisher.API", "App.Messaging.Publisher.API\App.Messaging.Publisher.API.csproj", "{11BF5B77-F496-4A57-B1FC-E3EECD74D09F}"
EndProject
Project("{FAE04EC0-301F-11D3-BF4B-00C04F79EFBC}") = "App.MessageBus.Consumer.API", "App.MessageBus.Consmer.API\App.MessageBus.Consumer.API.csproj", "{6C2C36E9-263B-4129-A221-759BC889C9D9}"
EndProject
Global
	GlobalSection(SolutionConfigurationPlatforms) = preSolution
		Debug|Any CPU = Debug|Any CPU
		Release|Any CPU = Release|Any CPU
	EndGlobalSection
	GlobalSection(ProjectConfigurationPlatforms) = postSolution
		{45F82D33-3AFE-409A-A0BD-5B11AE8649E3}.Debug|Any CPU.ActiveCfg = Debug|Any CPU
		{45F82D33-3AFE-409A-A0BD-5B11AE8649E3}.Debug|Any CPU.Build.0 = Debug|Any CPU
		{45F82D33-3AFE-409A-A0BD-5B11AE8649E3}.Release|Any CPU.ActiveCfg = Release|Any CPU
		{45F82D33-3AFE-409A-A0BD-5B11AE8649E3}.Release|Any CPU.Build.0 = Release|Any CPU
		{11BF5B77-F496-4A57-B1FC-E3EECD74D09F}.Debug|Any CPU.ActiveCfg = Debug|Any CPU
		{11BF5B77-F496-4A57-B1FC-E3EECD74D09F}.Debug|Any CPU.Build.0 = Debug|Any CPU
		{11BF5B77-F496-4A57-B1FC-E3EECD74D09F}.Release|Any CPU.ActiveCfg = Release|Any CPU
		{11BF5B77-F496-4A57-B1FC-E3EECD74D09F}.Release|Any CPU.Build.0 = Release|Any CPU
		{6C2C36E9-263B-4129-A221-759BC889C9D9}.Debug|Any CPU.ActiveCfg = Debug|Any CPU
		{6C2C36E9-263B-4129-A221-759BC889C9D9}.Debug|Any CPU.Build.0 = Debug|Any CPU
		{6C2C36E9-263B-4129-A221-759BC889C9D9}.Release|Any CPU.ActiveCfg = Release|Any CPU
		{6C2C36E9-263B-4129-A221-759BC889C9D9}.Release|Any CPU.Build.0 = Release|Any CPU
	EndGlobalSection
	GlobalSection(SolutionProperties) = preSolution
		HideSolutionNode = FALSE
	EndGlobalSection
	GlobalSection(ExtensibilityGlobals) = postSolution
		SolutionGuid = {5AAEF0F2-24A9-4420-9FFF-D2190F7C0F93}
	EndGlobalSection
EndGlobal
